PODS:
  - Alamofire (5.2.0)
  - ESPullToRefresh (2.9.3)
  - IQKeyboardManagerSwift (6.5.6)
  - KRActivityIndicatorView (3.0.7)
  - KRProgressHUD (3.4.7):
    - KRActivityIndicatorView (= 3.0.7)
  - NVActivityIndicatorView (5.1.1):
    - NVActivityIndicatorView/Base (= 5.1.1)
  - NVActivityIndicatorView/Base (5.1.1)
  - ObjectMapper (4.2.0)
  - SDWebImage (5.7.3):
    - SDWebImage/Core (= 5.7.3)
  - SDWebImage/Core (5.7.3)
  - SkeletonView (1.11.0)
  - SnapKit (5.0.1)
  - SwiftEntryKit (2.0.0)
  - SWRevealViewController (2.3.0)

DEPENDENCIES:
  - Alamofire (= 5.2.0)
  - ESPullToRefresh
  - IQKeyboardManagerSwift (= 6.5.6)
  - KRProgressHUD
  - NVActivityIndicatorView (= 5.1.1)
  - ObjectMapper (= 4.2.0)
  - SDWebImage (= 5.7.3)
  - SkeletonView (= 1.11.0)
  - SnapKit (= 5.0.1)
  - SwiftEntryKit (= 2.0.0)
  - SWRevealViewController (= 2.3.0)

SPEC REPOS:
  trunk:
    - Alamofire
    - ESPullToRefresh
    - IQKeyboardManagerSwift
    - KRActivityIndicatorView
    - KRProgressHUD
    - NVActivityIndicatorView
    - ObjectMapper
    - SDWebImage
    - SkeletonView
    - SnapKit
    - SwiftEntryKit
    - SWRevealViewController

SPEC CHECKSUMS:
  Alamofire: c1ca147559e730bfb2182c8c7aafbdd90a867987
  ESPullToRefresh: 0d68daa602b343c81753a1b95e09fd0bfcddfd40
  IQKeyboardManagerSwift: c7df9d2deb356c04522f5c4b7b6e4ce4d8ed94fe
  KRActivityIndicatorView: ad69e89c4ce40c986cf580595be4829dcad0e35a
  KRProgressHUD: a248f0bc6c9c2aed40a37b76e03ffecc7f85c887
  NVActivityIndicatorView: 1f6c5687f1171810aa27a3296814dc2d7dec3667
  ObjectMapper: 1eb41f610210777375fa806bf161dc39fb832b81
  SDWebImage: 97351f6582ceca541ea294ba66a1fcb342a331c2
  SkeletonView: cc84ce90a804dd0dd7198dd802833411c8a64eaf
  SnapKit: 97b92857e3df3a0c71833cce143274bf6ef8e5eb
  SwiftEntryKit: 61b5fa36f34a97dd8013e48a7345bc4c4720be9a
  SWRevealViewController: 6d3fd97f70112fd7cef9de14df4260eacce4c63a

PODFILE CHECKSUM: c0f9d3e3f46a6016e2b1f27a3bc3be53aa52ce9b

COCOAPODS: 1.11.2
